# THIS IS AN AUTOGENERATED FILE. DO NOT EDIT THIS FILE DIRECTLY.
# yarn lockfile v1


"@n4jsd/debug@<=4.1.*":
  version "4.1.0"
  resolved "https://registry.yarnpkg.com/@n4jsd/debug/-/debug-4.1.0.tgz#ac34f6d4171b9adfeb8b301b66f8cb86205b48b7"
  integrity sha512-SwRCSvLLYMNd2r35uU/lXuu4B58k341lTs+cas6/XeTfVTCwrvMFIvTCNJ28JxqbNUevCZFtwiXnJHgzEYPK4Q==

"@n4jsd/glob@<=7.1.*":
  version "7.1.2"
  resolved "https://registry.yarnpkg.com/@n4jsd/glob/-/glob-7.1.2.tgz#9529257fc9d6169a3994cccdac86c7918d2b98e7"
  integrity sha512-IuPvFlEhdU6jXcW/dUGwiBF8aoqhAk0GhsAl9ZZq5J4xgpfPjJBcGPBrdzDqiWexTP2/jarCo5Gpn6EmkuLLMQ==
  dependencies:
    n4js-runtime-node ""

"@types/node@^14.14.7":
  version "14.17.32"
  resolved "https://registry.yarnpkg.com/@types/node/-/node-14.17.32.tgz#2ca61c9ef8c77f6fa1733be9e623ceb0d372ad96"
  integrity sha512-JcII3D5/OapPGx+eJ+Ik1SQGyt6WvuqdRfh9jUwL6/iHGjmyOriBDciBUu7lEIBTL2ijxwrR70WUnw5AEDmFvQ==

ansi-regex@^2.0.0, ansi-regex@^2.1.1:
  version "2.1.1"
  resolved "https://registry.yarnpkg.com/ansi-regex/-/ansi-regex-2.1.1.tgz#c3b33ab5ee360d86e0e628f0468ae7ef27d654df"
  integrity sha1-w7M6te42DYbg5ijwRorn7yfWVN8=

ansi-regex@^5.0.1:
  version "5.0.1"
  resolved "https://registry.yarnpkg.com/ansi-regex/-/ansi-regex-5.0.1.tgz#082cb2c89c9fe8659a311a53bd6a4dc5301db304"
  integrity sha512-quJQXlTSUGL2LH9SUXo8VwsY4soanhgo6LNSm84E1LBcE8s3O0wpdiRzyR9z/ZZJMlMWv37qOOb9pdJlMUEKFQ==

ansi-styles@~1.0.0:
  version "1.0.0"
  resolved "https://registry.yarnpkg.com/ansi-styles/-/ansi-styles-1.0.0.tgz#cb102df1c56f5123eab8b67cd7b98027a0279178"
  integrity sha1-yxAt8cVvUSPquLZ817mAJ6AnkXg=

aproba@^1.0.3:
  version "1.2.0"
  resolved "https://registry.yarnpkg.com/aproba/-/aproba-1.2.0.tgz#6802e6264efd18c790a1b0d517f0f2627bf2c94a"
  integrity sha512-Y9J6ZjXtoYh8RnXVCMOU/ttDmk1aBjunq9vO0ta5x85WDQiQfUF9sIPBITdbiiIVcBo03Hi3jMxigBtsddlXRw==

are-we-there-yet@~1.1.2:
  version "1.1.7"
  resolved "https://registry.yarnpkg.com/are-we-there-yet/-/are-we-there-yet-1.1.7.tgz#b15474a932adab4ff8a50d9adfa7e4e926f21146"
  integrity sha512-nxwy40TuMiUGqMyRHgCSWZ9FM4VAoRP4xUYSTv5ImRog+h9yISPbVH7H8fASCIzYn9wlEv4zvFL7uKDMCFQm3g==
  dependencies:
    delegates "^1.0.0"
    readable-stream "^2.0.6"

balanced-match@^1.0.0:
  version "1.0.2"
  resolved "https://registry.yarnpkg.com/balanced-match/-/balanced-match-1.0.2.tgz#e83e3a7e3f300b34cb9d87f615fa0cbf357690ee"
  integrity sha512-3oSeUO0TMV67hN1AmbXsK4yaqU7tjiHlbxRDZOpH0KW9+CeX4bRAaX0Anxt0tx2MrpRpWwQaPwIlISEJhYU5Pw==

base64-js@^1.3.1:
  version "1.5.1"
  resolved "https://registry.yarnpkg.com/base64-js/-/base64-js-1.5.1.tgz#1b1b440160a5bf7ad40b650f095963481903930a"
  integrity sha512-AKpaYlHn8t4SVbOHCy+b5+KKgvR4vrsD8vbvrbiQJps7fKDTkjkDry6ji0rUJjC0kzbNePLwzxq8iypo41qeWA==

bl@^1.0.0:
  version "1.2.3"
  resolved "https://registry.yarnpkg.com/bl/-/bl-1.2.3.tgz#1e8dd80142eac80d7158c9dccc047fb620e035e7"
  integrity sha512-pvcNpa0UU69UT341rO6AYy4FVAIkUHuZXRIWbq+zHnsVcRzDDjIAhGuuYoi0d//cwIwtt4pkpKycWEfjdV+vww==
  dependencies:
    readable-stream "^2.3.5"
    safe-buffer "^5.1.1"

brace-expansion@^1.1.7:
  version "1.1.11"
  resolved "https://registry.yarnpkg.com/brace-expansion/-/brace-expansion-1.1.11.tgz#3c7fcbf529d87226f3d2f52b966ff5271eb441dd"
  integrity sha512-iCuPHDFgrHX7H2vEI/5xpz07zSHB00TpugqhmYtVmMO6518mCuRMoOYFldEBl0g187ufozdaHgWKcYFb61qGiA==
  dependencies:
    balanced-match "^1.0.0"
    concat-map "0.0.1"

buffer-alloc-unsafe@^1.1.0:
  version "1.1.0"
  resolved "https://registry.yarnpkg.com/buffer-alloc-unsafe/-/buffer-alloc-unsafe-1.1.0.tgz#bd7dc26ae2972d0eda253be061dba992349c19f0"
  integrity sha512-TEM2iMIEQdJ2yjPJoSIsldnleVaAk1oW3DBVUykyOLsEsFmEc9kn+SFFPz+gl54KQNxlDnAwCXosOS9Okx2xAg==

buffer-alloc@^1.2.0:
  version "1.2.0"
  resolved "https://registry.yarnpkg.com/buffer-alloc/-/buffer-alloc-1.2.0.tgz#890dd90d923a873e08e10e5fd51a57e5b7cce0ec"
  integrity sha512-CFsHQgjtW1UChdXgbyJGtnm+O/uLQeZdtbDo8mfUgYXCHSM1wgrVxXm6bSyrUuErEb+4sYVGCzASBRot7zyrow==
  dependencies:
    buffer-alloc-unsafe "^1.1.0"
    buffer-fill "^1.0.0"

buffer-crc32@~0.2.3:
  version "0.2.13"
  resolved "https://registry.yarnpkg.com/buffer-crc32/-/buffer-crc32-0.2.13.tgz#0d333e3f00eac50aa1454abd30ef8c2a5d9a7242"
  integrity sha1-DTM+PwDqxQqhRUq9MO+MKl2ackI=

buffer-fill@^1.0.0:
  version "1.0.0"
  resolved "https://registry.yarnpkg.com/buffer-fill/-/buffer-fill-1.0.0.tgz#f8f78b76789888ef39f205cd637f68e702122b2c"
  integrity sha1-+PeLdniYiO858gXNY39o5wISKyw=

buffer@^5.2.1:
  version "5.7.1"
  resolved "https://registry.yarnpkg.com/buffer/-/buffer-5.7.1.tgz#ba62e7c13133053582197160851a8f648e99eed0"
  integrity sha512-EHcyIPBQ4BSGlvjB16k5KgAJ27CIsHY/2JBmCRReo48y9rQ3MaUzWX3KVlBa4U7MyX02HdVj0K7C3WaB3ju7FQ==
  dependencies:
    base64-js "^1.3.1"
    ieee754 "^1.1.13"

chalk@~0.4.0:
  version "0.4.0"
  resolved "https://registry.yarnpkg.com/chalk/-/chalk-0.4.0.tgz#5199a3ddcd0c1efe23bc08c1b027b06176e0c64f"
  integrity sha1-UZmj3c0MHv4jvAjBsCewYXbgxk8=
  dependencies:
    ansi-styles "~1.0.0"
    has-color "~0.1.0"
    strip-ansi "~0.1.0"

cli-color@~1.2.0:
  version "1.2.0"
  resolved "https://registry.yarnpkg.com/cli-color/-/cli-color-1.2.0.tgz#3a5ae74fd76b6267af666e69e2afbbd01def34d1"
  integrity sha1-OlrnT9drYmevZm5p4q+70B3vNNE=
  dependencies:
    ansi-regex "^2.1.1"
    d "1"
    es5-ext "^0.10.12"
    es6-iterator "2"
    memoizee "^0.4.3"
    timers-ext "0.1"

code-point-at@^1.0.0:
  version "1.1.0"
  resolved "https://registry.yarnpkg.com/code-point-at/-/code-point-at-1.1.0.tgz#0d070b4d043a5bea33a2f1a40e2edb3d9a4ccf77"
  integrity sha1-DQcLTQQ6W+ozovGkDi7bPZpMz3c=

commander@^2.8.1:
  version "2.20.3"
  resolved "https://registry.yarnpkg.com/commander/-/commander-2.20.3.tgz#fd485e84c03eb4881c20722ba48035e8531aeb33"
  integrity sha512-GpVkmM8vF2vQUkj2LvZmD35JxeJOLCwJ9cUkugyk2nuhbv3+mJvpLYYt+0+USMxE+oj+ey/lJEnhZw75x/OMcQ==

concat-map@0.0.1:
  version "0.0.1"
  resolved "https://registry.yarnpkg.com/concat-map/-/concat-map-0.0.1.tgz#d8a96bd77fd68df7793a73036a3ba0d5405d477b"
  integrity sha1-2Klr13/Wjfd5OnMDajug1UBdR3s=

console-control-strings@^1.0.0, console-control-strings@~1.1.0:
  version "1.1.0"
  resolved "https://registry.yarnpkg.com/console-control-strings/-/console-control-strings-1.1.0.tgz#3d7cf4464db6446ea644bf4b39507f9851008e8e"
  integrity sha1-PXz0Rk22RG6mRL9LOVB/mFEAjo4=

core-util-is@~1.0.0:
  version "1.0.3"
  resolved "https://registry.yarnpkg.com/core-util-is/-/core-util-is-1.0.3.tgz#a6042d3634c2b27e9328f837b965fac83808db85"
  integrity sha512-ZQBvi1DcpJ4GDqanjucZ2Hj3wEO5pZDS89BWbkcrvdxksJorwUDDZamX9ldFkp9aw2lmBDLgkObEA4DWNJ9FYQ==

d@1, d@^1.0.1:
  version "1.0.1"
  resolved "https://registry.yarnpkg.com/d/-/d-1.0.1.tgz#8698095372d58dbee346ffd0c7093f99f8f9eb5a"
  integrity sha512-m62ShEObQ39CfralilEQRjH6oAMtNCV1xJyEx5LpRYUVN+EviphDgUc/F3hnYbADmkiNs67Y+3ylmlG7Lnu+FA==
  dependencies:
    es5-ext "^0.10.50"
    type "^1.0.1"

debug@^3.0.0:
  version "3.2.7"
  resolved "https://registry.yarnpkg.com/debug/-/debug-3.2.7.tgz#72580b7e9145fb39b6676f9c5e5fb100b934179a"
  integrity sha512-CFjzYYAi4ThfiQvizrFQevTTXHtnCqWfe7x1AhgEscTz6ZbLbfoLRLPugTQyBth6f8ZERVUSyWHFD/7Wu4t1XQ==
  dependencies:
    ms "^2.1.1"

debug@~4.3.1:
  version "4.3.2"
  resolved "https://registry.yarnpkg.com/debug/-/debug-4.3.2.tgz#f0a49c18ac8779e31d4a0c6029dfb76873c7428b"
  integrity sha512-mOp8wKcvj7XxC78zLgw/ZA+6TSgkoE2C/ienthhRD298T7UNwAg9diBpLRxC0mOezLl4B0xV7M0cCO6P/O0Xhw==
  dependencies:
    ms "2.1.2"

decompress-tar@^4.0.0, decompress-tar@^4.1.0, decompress-tar@^4.1.1:
  version "4.1.1"
  resolved "https://registry.yarnpkg.com/decompress-tar/-/decompress-tar-4.1.1.tgz#718cbd3fcb16209716e70a26b84e7ba4592e5af1"
  integrity sha512-JdJMaCrGpB5fESVyxwpCx4Jdj2AagLmv3y58Qy4GE6HMVjWz1FeVQk1Ct4Kye7PftcdOo/7U7UKzYBJgqnGeUQ==
  dependencies:
    file-type "^5.2.0"
    is-stream "^1.1.0"
    tar-stream "^1.5.2"

decompress-tarbz2@^4.0.0:
  version "4.1.1"
  resolved "https://registry.yarnpkg.com/decompress-tarbz2/-/decompress-tarbz2-4.1.1.tgz#3082a5b880ea4043816349f378b56c516be1a39b"
  integrity sha512-s88xLzf1r81ICXLAVQVzaN6ZmX4A6U4z2nMbOwobxkLoIIfjVMBg7TeguTUXkKeXni795B6y5rnvDw7rxhAq9A==
  dependencies:
    decompress-tar "^4.1.0"
    file-type "^6.1.0"
    is-stream "^1.1.0"
    seek-bzip "^1.0.5"
    unbzip2-stream "^1.0.9"

decompress-targz@^4.0.0:
  version "4.1.1"
  resolved "https://registry.yarnpkg.com/decompress-targz/-/decompress-targz-4.1.1.tgz#c09bc35c4d11f3de09f2d2da53e9de23e7ce1eee"
  integrity sha512-4z81Znfr6chWnRDNfFNqLwPvm4db3WuZkqV+UgXQzSngG3CEKdBkw5jrv3axjjL96glyiiKjsxJG3X6WBZwX3w==
  dependencies:
    decompress-tar "^4.1.1"
    file-type "^5.2.0"
    is-stream "^1.1.0"

decompress-unzip@^4.0.1:
  version "4.0.1"
  resolved "https://registry.yarnpkg.com/decompress-unzip/-/decompress-unzip-4.0.1.tgz#deaaccdfd14aeaf85578f733ae8210f9b4848f69"
  integrity sha1-3qrM39FK6vhVePczroIQ+bSEj2k=
  dependencies:
    file-type "^3.8.0"
    get-stream "^2.2.0"
    pify "^2.3.0"
    yauzl "^2.4.2"

decompress@4.2.1:
  version "4.2.1"
  resolved "https://registry.yarnpkg.com/decompress/-/decompress-4.2.1.tgz#007f55cc6a62c055afa37c07eb6a4ee1b773f118"
  integrity sha512-e48kc2IjU+2Zw8cTb6VZcJQ3lgVbS4uuB1TfCHbiZIP/haNXm+SVyhu+87jts5/3ROpd82GSVCoNs/z8l4ZOaQ==
  dependencies:
    decompress-tar "^4.0.0"
    decompress-tarbz2 "^4.0.0"
    decompress-targz "^4.0.0"
    decompress-unzip "^4.0.1"
    graceful-fs "^4.1.10"
    make-dir "^1.0.0"
    pify "^2.3.0"
    strip-dirs "^2.0.0"

delegates@^1.0.0:
  version "1.0.0"
  resolved "https://registry.yarnpkg.com/delegates/-/delegates-1.0.0.tgz#84c6e159b81904fdca59a0ef44cd870d31250f9a"
  integrity sha1-hMbhWbgZBP3KWaDvRM2HDTElD5o=

emoji-regex@^8.0.0:
  version "8.0.0"
  resolved "https://registry.yarnpkg.com/emoji-regex/-/emoji-regex-8.0.0.tgz#e818fd69ce5ccfcb404594f842963bf53164cc37"
  integrity sha512-MSjYzcWNOA0ewAHpz0MxpYFvwg6yjy1NG3xteoqz644VCo/RPgnr1/GGt+ic3iJTzQ8Eu3TdM14SawnVUmGE6A==

end-of-stream@^1.0.0:
  version "1.4.4"
  resolved "https://registry.yarnpkg.com/end-of-stream/-/end-of-stream-1.4.4.tgz#5ae64a5f45057baf3626ec14da0ca5e4b2431eb0"
  integrity sha512-+uw1inIHVPQoaVuHzRyXd21icM+cnt4CzD5rW+NC1wjOUSTOs+Te7FOv7AhN7vS9x/oIyhLP5PR1H+phQAHu5Q==
  dependencies:
    once "^1.4.0"

es5-ext@^0.10.12, es5-ext@^0.10.35, es5-ext@^0.10.46, es5-ext@^0.10.50, es5-ext@^0.10.53, es5-ext@~0.10.14, es5-ext@~0.10.2, es5-ext@~0.10.46:
  version "0.10.53"
  resolved "https://registry.yarnpkg.com/es5-ext/-/es5-ext-0.10.53.tgz#93c5a3acfdbef275220ad72644ad02ee18368de1"
  integrity sha512-Xs2Stw6NiNHWypzRTY1MtaG/uJlwCk8kH81920ma8mvN8Xq1gsfhZvpkImLQArw8AHnv8MT2I45J3c0R8slE+Q==
  dependencies:
    es6-iterator "~2.0.3"
    es6-symbol "~3.1.3"
    next-tick "~1.0.0"

es6-iterator@2, es6-iterator@^2.0.3, es6-iterator@~2.0.3:
  version "2.0.3"
  resolved "https://registry.yarnpkg.com/es6-iterator/-/es6-iterator-2.0.3.tgz#a7de889141a05a94b0854403b2d0a0fbfa98f3b7"
  integrity sha1-p96IkUGgWpSwhUQDstCg+/qY87c=
  dependencies:
    d "1"
    es5-ext "^0.10.35"
    es6-symbol "^3.1.1"

es6-symbol@^3.1.1, es6-symbol@~3.1.3:
  version "3.1.3"
  resolved "https://registry.yarnpkg.com/es6-symbol/-/es6-symbol-3.1.3.tgz#bad5d3c1bcdac28269f4cb331e431c78ac705d18"
  integrity sha512-NJ6Yn3FuDinBaBRWl/q5X/s4koRHBrgKAu+yGI6JCBeiu3qrcbJhwT2GeR/EXVfylRk8dpQVJoLEFhK+Mu31NA==
  dependencies:
    d "^1.0.1"
    ext "^1.1.2"

es6-weak-map@^2.0.3:
  version "2.0.3"
  resolved "https://registry.yarnpkg.com/es6-weak-map/-/es6-weak-map-2.0.3.tgz#b6da1f16cc2cc0d9be43e6bdbfc5e7dfcdf31d53"
  integrity sha512-p5um32HOTO1kP+w7PRnB+5lQ43Z6muuMuIMffvDN8ZB4GcnjLBV6zGStpbASIMk4DCAvEaamhe2zhyCb/QXXsA==
  dependencies:
    d "1"
    es5-ext "^0.10.46"
    es6-iterator "^2.0.3"
    es6-symbol "^3.1.1"

esm@3.2.25:
  version "3.2.25"
  resolved "https://registry.yarnpkg.com/esm/-/esm-3.2.25.tgz#342c18c29d56157688ba5ce31f8431fbb795cc10"
  integrity sha512-U1suiZ2oDVWv4zPO56S0NcR5QriEahGtdN2OR6FiOG4WJvcjBVFB0qI4+eKoWFH483PKGuLuu6V8Z4T5g63UVA==

event-emitter@^0.3.5:
  version "0.3.5"
  resolved "https://registry.yarnpkg.com/event-emitter/-/event-emitter-0.3.5.tgz#df8c69eef1647923c7157b9ce83840610b02cc39"
  integrity sha1-34xp7vFkeSPHFXuc6DhAYQsCzDk=
  dependencies:
    d "1"
    es5-ext "~0.10.14"

ext@^1.1.2:
  version "1.6.0"
  resolved "https://registry.yarnpkg.com/ext/-/ext-1.6.0.tgz#3871d50641e874cc172e2b53f919842d19db4c52"
  integrity sha512-sdBImtzkq2HpkdRLtlLWDa6w4DX22ijZLKx8BMPUuKe1c5lbN6xwQDQCxSfxBQnHZ13ls/FH0MQZx/q/gr6FQg==
  dependencies:
    type "^2.5.0"

fd-slicer@~1.1.0:
  version "1.1.0"
  resolved "https://registry.yarnpkg.com/fd-slicer/-/fd-slicer-1.1.0.tgz#25c7c89cb1f9077f8891bbe61d8f390eae256f1e"
  integrity sha1-JcfInLH5B3+IkbvmHY85Dq4lbx4=
  dependencies:
    pend "~1.2.0"

file-type@^3.8.0:
  version "3.9.0"
  resolved "https://registry.yarnpkg.com/file-type/-/file-type-3.9.0.tgz#257a078384d1db8087bc449d107d52a52672b9e9"
  integrity sha1-JXoHg4TR24CHvESdEH1SpSZyuek=

file-type@^5.2.0:
  version "5.2.0"
  resolved "https://registry.yarnpkg.com/file-type/-/file-type-5.2.0.tgz#2ddbea7c73ffe36368dfae49dc338c058c2b8ad6"
  integrity sha1-LdvqfHP/42No365J3DOMBYwritY=

file-type@^6.1.0:
  version "6.2.0"
  resolved "https://registry.yarnpkg.com/file-type/-/file-type-6.2.0.tgz#e50cd75d356ffed4e306dc4f5bcf52a79903a919"
  integrity sha512-YPcTBDV+2Tm0VqjybVd32MHdlEGAtuxS3VAYsumFokDSMG+ROT5wawGlnHDoz7bfMcMDt9hxuXvXwoKUx2fkOg==

follow-redirects@1.9.0:
  version "1.9.0"
  resolved "https://registry.yarnpkg.com/follow-redirects/-/follow-redirects-1.9.0.tgz#8d5bcdc65b7108fe1508649c79c12d732dcedb4f"
  integrity sha512-CRcPzsSIbXyVDl0QI01muNDu69S8trU4jArW9LpOt2WtC6LyUJetcIrmfHsRBx7/Jb6GHJUiuqyYxPooFfNt6A==
  dependencies:
    debug "^3.0.0"

fs-constants@^1.0.0:
  version "1.0.0"
  resolved "https://registry.yarnpkg.com/fs-constants/-/fs-constants-1.0.0.tgz#6be0de9be998ce16af8afc24497b9ee9b7ccd9ad"
  integrity sha512-y6OAwoSIf7FyjMIv94u+b5rdheZEjzR63GTyZJm5qh4Bi+2YgwLCcI/fPFZkL5PSixOt6ZNKm+w+Hfp/Bciwow==

fs.realpath@^1.0.0:
  version "1.0.0"
  resolved "https://registry.yarnpkg.com/fs.realpath/-/fs.realpath-1.0.0.tgz#1504ad2523158caa40db4a2787cb01411994ea4f"
  integrity sha1-FQStJSMVjKpA20onh8sBQRmU6k8=

gauge@~2.7.3:
  version "2.7.4"
  resolved "https://registry.yarnpkg.com/gauge/-/gauge-2.7.4.tgz#2c03405c7538c39d7eb37b317022e325fb018bf7"
  integrity sha1-LANAXHU4w51+s3sxcCLjJfsBi/c=
  dependencies:
    aproba "^1.0.3"
    console-control-strings "^1.0.0"
    has-unicode "^2.0.0"
    object-assign "^4.1.0"
    signal-exit "^3.0.0"
    string-width "^1.0.1"
    strip-ansi "^3.0.1"
    wide-align "^1.1.0"

get-stream@^2.2.0:
  version "2.3.1"
  resolved "https://registry.yarnpkg.com/get-stream/-/get-stream-2.3.1.tgz#5f38f93f346009666ee0150a054167f91bdd95de"
  integrity sha1-Xzj5PzRgCWZu4BUKBUFn+Rvdld4=
  dependencies:
    object-assign "^4.0.1"
    pinkie-promise "^2.0.0"

glob@^7.1.2, glob@^7.1.7:
  version "7.2.0"
  resolved "https://registry.yarnpkg.com/glob/-/glob-7.2.0.tgz#d15535af7732e02e948f4c41628bd910293f6023"
  integrity sha512-lmLf6gtyrPq8tTjSmrO94wBeQbFR3HbLHbuyD69wuyQkImp2hWqMGB47OX65FBkPffO641IP9jWa1z4ivqG26Q==
  dependencies:
    fs.realpath "^1.0.0"
    inflight "^1.0.4"
    inherits "2"
    minimatch "^3.0.4"
    once "^1.3.0"
    path-is-absolute "^1.0.0"

graceful-fs@^4.1.10:
  version "4.2.8"
  resolved "https://registry.yarnpkg.com/graceful-fs/-/graceful-fs-4.2.8.tgz#e412b8d33f5e006593cbd3cee6df9f2cebbe802a"
  integrity sha512-qkIilPUYcNhJpd33n0GBXTB1MMPp14TxEsEs0pTrsSVucApsYzW5V+Q8Qxhik6KU3evy+qkAAowTByymK0avdg==

has-color@~0.1.0:
  version "0.1.7"
  resolved "https://registry.yarnpkg.com/has-color/-/has-color-0.1.7.tgz#67144a5260c34fc3cca677d041daf52fe7b78b2f"
  integrity sha1-ZxRKUmDDT8PMpnfQQdr1L+e3iy8=

has-unicode@^2.0.0:
  version "2.0.1"
  resolved "https://registry.yarnpkg.com/has-unicode/-/has-unicode-2.0.1.tgz#e0e6fe6a28cf51138855e086d1691e771de2a8b9"
  integrity sha1-4Ob+aijPUROIVeCG0Wkedx3iqLk=

ieee754@^1.1.13:
  version "1.2.1"
  resolved "https://registry.yarnpkg.com/ieee754/-/ieee754-1.2.1.tgz#8eb7a10a63fff25d15a57b001586d177d1b0d352"
  integrity sha512-dcyqhDvX1C46lXZcVqCpK+FtMRQVdIMN6/Df5js2zouUsqG7I6sFxitIC+7KYK29KdXOLHdu9zL4sFnoVQnqaA==

inflight@^1.0.4:
  version "1.0.6"
  resolved "https://registry.yarnpkg.com/inflight/-/inflight-1.0.6.tgz#49bd6331d7d02d0c09bc910a1075ba8165b56df9"
  integrity sha1-Sb1jMdfQLQwJvJEKEHW6gWW1bfk=
  dependencies:
    once "^1.3.0"
    wrappy "1"

inherits@2, inherits@~2.0.3:
  version "2.0.4"
  resolved "https://registry.yarnpkg.com/inherits/-/inherits-2.0.4.tgz#0fa2c64f932917c3433a0ded55363aae37416b7c"
  integrity sha512-k/vGaX4/Yla3WzyMCvTQOXYeIHvqOKtnqBduzTHpzpQZzAskKMhZ2K+EnBiSM9zGSoIFeMpXKxa4dYeZIQqewQ==

is-fullwidth-code-point@^1.0.0:
  version "1.0.0"
  resolved "https://registry.yarnpkg.com/is-fullwidth-code-point/-/is-fullwidth-code-point-1.0.0.tgz#ef9e31386f031a7f0d643af82fde50c457ef00cb"
  integrity sha1-754xOG8DGn8NZDr4L95QxFfvAMs=
  dependencies:
    number-is-nan "^1.0.0"

is-fullwidth-code-point@^3.0.0:
  version "3.0.0"
  resolved "https://registry.yarnpkg.com/is-fullwidth-code-point/-/is-fullwidth-code-point-3.0.0.tgz#f116f8064fe90b3f7844a38997c0b75051269f1d"
  integrity sha512-zymm5+u+sCsSWyD9qNaejV3DFvhCKclKdizYaJUuHA83RLjb7nSuGnddCHGv0hk+KY7BMAlsWeK4Ueg6EV6XQg==

is-natural-number@^4.0.1:
  version "4.0.1"
  resolved "https://registry.yarnpkg.com/is-natural-number/-/is-natural-number-4.0.1.tgz#ab9d76e1db4ced51e35de0c72ebecf09f734cde8"
  integrity sha1-q5124dtM7VHjXeDHLr7PCfc0zeg=

is-promise@^2.2.2:
  version "2.2.2"
  resolved "https://registry.yarnpkg.com/is-promise/-/is-promise-2.2.2.tgz#39ab959ccbf9a774cf079f7b40c7a26f763135f1"
  integrity sha512-+lP4/6lKUBfQjZ2pdxThZvLUAafmZb8OAxFb8XXtiQmS35INgr85hdOGoEs124ez1FCnZJt6jau/T+alh58QFQ==

is-stream@^1.1.0:
  version "1.1.0"
  resolved "https://registry.yarnpkg.com/is-stream/-/is-stream-1.1.0.tgz#12d4a3dd4e68e0b79ceb8dbc84173ae80d91ca44"
  integrity sha1-EtSj3U5o4Lec6428hBc66A2RykQ=

isarray@~1.0.0:
  version "1.0.0"
  resolved "https://registry.yarnpkg.com/isarray/-/isarray-1.0.0.tgz#bb935d48582cba168c06834957a54a3e07124f11"
  integrity sha1-u5NdSFgsuhaMBoNJV6VKPgcSTxE=

lru-queue@^0.1.0:
  version "0.1.0"
  resolved "https://registry.yarnpkg.com/lru-queue/-/lru-queue-0.1.0.tgz#2738bd9f0d3cf4f84490c5736c48699ac632cda3"
  integrity sha1-Jzi9nw089PhEkMVzbEhpmsYyzaM=
  dependencies:
    es5-ext "~0.10.2"

make-dir@^1.0.0:
  version "1.3.0"
  resolved "https://registry.yarnpkg.com/make-dir/-/make-dir-1.3.0.tgz#79c1033b80515bd6d24ec9933e860ca75ee27f0c"
  integrity sha512-2w31R7SJtieJJnQtGc7RVL2StM2vGYVfqUOvUDxH6bC6aJTxPxTF0GnIgCyu7tjockiUWAYQRbxa7vKn34s5sQ==
  dependencies:
    pify "^3.0.0"

memoizee@^0.4.3:
  version "0.4.15"
  resolved "https://registry.yarnpkg.com/memoizee/-/memoizee-0.4.15.tgz#e6f3d2da863f318d02225391829a6c5956555b72"
  integrity sha512-UBWmJpLZd5STPm7PMUlOw/TSy972M+z8gcyQ5veOnSDRREz/0bmpyTfKt3/51DhEBqCZQn1udM/5flcSPYhkdQ==
  dependencies:
    d "^1.0.1"
    es5-ext "^0.10.53"
    es6-weak-map "^2.0.3"
    event-emitter "^0.3.5"
    is-promise "^2.2.2"
    lru-queue "^0.1.0"
    next-tick "^1.1.0"
    timers-ext "^0.1.7"

minimatch@3.0.4, minimatch@^3.0.4:
  version "3.0.4"
  resolved "https://registry.yarnpkg.com/minimatch/-/minimatch-3.0.4.tgz#5166e286457f03306064be5497e8dbb0c3d32083"
  integrity sha512-yJHVQEhyqPLUTgt9B83PXu6W3rx4MvvHvSUvToogpwoGDOUQ+yDrR0HRot+yOCdCO7u4hX3pWft6kWBBcqh0UA==
  dependencies:
    brace-expansion "^1.1.7"

ms@2.1.2:
  version "2.1.2"
  resolved "https://registry.yarnpkg.com/ms/-/ms-2.1.2.tgz#d09d1f357b443f493382a8eb3ccd183872ae6009"
  integrity sha512-sGkPx+VjMtmA6MX27oA4FBFELFCZZ4S4XqeGOXCv68tT+jb3vk/RyaKWP0PTKyWtmLSM0b+adUTEvbs1PEaH2w==

ms@^2.1.1:
  version "2.1.3"
  resolved "https://registry.yarnpkg.com/ms/-/ms-2.1.3.tgz#574c8138ce1d2b5861f0b44579dbadd60c6615b2"
  integrity sha512-6FlzubTLZG3J2a/NVCAleEhjzq5oxgHyaCU9yYXvcLsvoVaHJq/s5xXI6/XXP6tz7R9xAOtHnSO/tXtF3WRTlA==

n4js-cli@^0.28.0:
  version "0.28.2"
  resolved "https://registry.yarnpkg.com/n4js-cli/-/n4js-cli-0.28.2.tgz#e2c409bc8c217056ebd86b0c5a80b0911434a600"
  integrity sha512-73a+PJonywT8q/qANc4hdjQYqehuS8ZL1dD2sO+qR3sDejBNd9nDcDGwnxu2Og+E1eXd9ypY2aK7SP910L1LGA==
  dependencies:
    "@n4jsd/debug" "<=4.1.*"
    debug "~4.3.1"
    decompress "4.2.1"
    esm "3.2.25"
    follow-redirects "1.9.0"
    n4js-runtime "0.28.2"
    n4js-runtime-es2015 "0.28.2"
    n4js-runtime-esnext "0.28.2"
    n4js-runtime-node "0.28.2"
    npmlog "4.1.2"

n4js-mangelhaft-cli@^0.28.0:
  version "0.28.2"
  resolved "https://registry.yarnpkg.com/n4js-mangelhaft-cli/-/n4js-mangelhaft-cli-0.28.2.tgz#d976ed49e3880429dbd7a8d1900964999b549925"
  integrity sha512-KJ9gC1jGM7qnM0wHEpUNcvwd4Nl9WH3omeuZz+x6m0E3/oDwdowRd6PqwtVHGbfc00hXKbZEvSbJ0xUuuBRIhQ==
  dependencies:
    "@n4jsd/debug" "<=4.1.*"
    "@n4jsd/glob" "<=7.1.*"
    cli-color "~1.2.0"
    debug "~4.3.1"
    esm "3.2.25"
    glob "^7.1.2"
    minimatch "3.0.4"
    n4js-runtime "0.28.2"
    n4js-runtime-es2015 "0.28.2"
    n4js-runtime-esnext "0.28.2"
    n4js-runtime-fetch "0.28.2"
    n4js-runtime-node "0.28.2"
    node-fetch "~2.6.1"
    nomnom-patched "~1.8.1"
    org.eclipse.n4js.mangelhaft "0.28.2"
    org.eclipse.n4js.mangelhaft.reporter.console "0.28.2"
    org.eclipse.n4js.mangelhaft.reporter.ide "0.28.2"
    org.eclipse.n4js.mangelhaft.reporter.xunit "0.28.2"

n4js-runtime-es2015@0.28.2, n4js-runtime-es2015@^0.28.0:
  version "0.28.2"
  resolved "https://registry.yarnpkg.com/n4js-runtime-es2015/-/n4js-runtime-es2015-0.28.2.tgz#04ee7bdef8a42552771438559d296b5ae697f676"
  integrity sha512-kzuwX6P04mWN81qAWCqVJEPsF6s8wjNBE5Nv58ZdmH3VjbTWn0K8RbFxPGI4tv9IyGLp58lk177/8/q5ME4sYA==

n4js-runtime-esnext@0.28.2, n4js-runtime-esnext@^0.28.0:
  version "0.28.2"
  resolved "https://registry.yarnpkg.com/n4js-runtime-esnext/-/n4js-runtime-esnext-0.28.2.tgz#2f4d9e7b81073e844fdd34fe25496bed06541cd0"
  integrity sha512-s0ujRlXAke+QJRm/ysO35+vsUP4VunGEOg2/rNOCc4e7wj5WMTpuNx4gt+Ww+Iw2U0slU7BhsFalLRAh9RXCUg==
  dependencies:
    n4js-runtime-es2015 "0.28.2"

n4js-runtime-fetch@0.28.2:
  version "0.28.2"
  resolved "https://registry.yarnpkg.com/n4js-runtime-fetch/-/n4js-runtime-fetch-0.28.2.tgz#c60fd793534c2a298f3b2d538af7c2b8cf8b3a5b"
  integrity sha512-/Rjl+QgzKgRNlRoyLKRYOHw40FrfU/JVUJCB+D4V4OlaNOS0kroktTEjt9YMZqflHaCXA3Vjr9rz+AgJAWNm+g==
  dependencies:
    n4js-runtime-es2015 "0.28.2"

n4js-runtime-node@, n4js-runtime-node@0.28.2, n4js-runtime-node@^0.28.0:
  version "0.28.2"
  resolved "https://registry.yarnpkg.com/n4js-runtime-node/-/n4js-runtime-node-0.28.2.tgz#d49f4057da7acb2348f86f30fc058f7c880d825c"
  integrity sha512-yeeg5g2sHP6+zJaV1bG/z7zR+8utHyPQsviT06QbkLAWqL+LMPaDyPBonNKm8d6tJFD2PicDFoLxuWMsEd2Akw==
  dependencies:
    n4js-runtime-es2015 "0.28.2"
    n4js-runtime-esnext "0.28.2"

n4js-runtime-v8@0.28.2:
  version "0.28.2"
  resolved "https://registry.yarnpkg.com/n4js-runtime-v8/-/n4js-runtime-v8-0.28.2.tgz#3cd860b30668775a5768feb1171b033e10e49803"
  integrity sha512-M0uC0bdIv/Yc+zAuNzYFunFZBVoYfjXArCnYVrFQQdOxZFiUV7qFLF02PVBNRGEIu1hBCFs+xnJ3A3IN71Aibw==

n4js-runtime@0.28.2, n4js-runtime@^0.28.0:
  version "0.28.2"
  resolved "https://registry.yarnpkg.com/n4js-runtime/-/n4js-runtime-0.28.2.tgz#69445a44043c70e13ef6db9d7162b6ead2d54d80"
  integrity sha512-ppRZ+uBosPHCNGO6strLQV07DQVqrriQvO8zZO1P3p0W+nfoanJ5wxxiiXCYEuXYDD0kklWDrl/Uo7+geW9YMQ==
  dependencies:
    esm "3.2.25"
    n4js-runtime-es2015 "0.28.2"
    n4js-runtime-esnext "0.28.2"

next-tick@1, next-tick@^1.1.0:
  version "1.1.0"
  resolved "https://registry.yarnpkg.com/next-tick/-/next-tick-1.1.0.tgz#1836ee30ad56d67ef281b22bd199f709449b35eb"
  integrity sha512-CXdUiJembsNjuToQvxayPZF9Vqht7hewsvy2sOWafLvi2awflj9mOC6bHIg50orX8IJvWKY9wYQ/zB2kogPslQ==

next-tick@~1.0.0:
  version "1.0.0"
  resolved "https://registry.yarnpkg.com/next-tick/-/next-tick-1.0.0.tgz#ca86d1fe8828169b0120208e3dc8424b9db8342c"
  integrity sha1-yobR/ogoFpsBICCOPchCS524NCw=

node-fetch@~2.6.1:
  version "2.6.5"
  resolved "https://registry.yarnpkg.com/node-fetch/-/node-fetch-2.6.5.tgz#42735537d7f080a7e5f78b6c549b7146be1742fd"
  integrity sha512-mmlIVHJEu5rnIxgEgez6b9GgWXbkZj5YZ7fx+2r94a2E+Uirsp6HsPTPlomfdHtpt/B0cdKviwkoaM6pyvUOpQ==
  dependencies:
    whatwg-url "^5.0.0"

nomnom-patched@~1.8.1:
  version "1.8.1"
  resolved "https://registry.yarnpkg.com/nomnom-patched/-/nomnom-patched-1.8.1.tgz#94556057d2b80cc6800f7b063f5ed4e44cca68f4"
  integrity sha1-lFVgV9K4DMaAD3sGP17U5EzKaPQ=
  dependencies:
    chalk "~0.4.0"
    underscore "~1.6.0"

npmlog@4.1.2:
  version "4.1.2"
  resolved "https://registry.yarnpkg.com/npmlog/-/npmlog-4.1.2.tgz#08a7f2a8bf734604779a9efa4ad5cc717abb954b"
  integrity sha512-2uUqazuKlTaSI/dC8AzicUck7+IrEaOnN/e0jd3Xtt1KcGpwx30v50mL7oPyr/h9bL3E4aZccVwpwP+5W9Vjkg==
  dependencies:
    are-we-there-yet "~1.1.2"
    console-control-strings "~1.1.0"
    gauge "~2.7.3"
    set-blocking "~2.0.0"

number-is-nan@^1.0.0:
  version "1.0.1"
  resolved "https://registry.yarnpkg.com/number-is-nan/-/number-is-nan-1.0.1.tgz#097b602b53422a522c1afb8790318336941a011d"
  integrity sha1-CXtgK1NCKlIsGvuHkDGDNpQaAR0=

object-assign@^4.0.1, object-assign@^4.1.0:
  version "4.1.1"
  resolved "https://registry.yarnpkg.com/object-assign/-/object-assign-4.1.1.tgz#2109adc7965887cfc05cbbd442cac8bfbb360863"
  integrity sha1-IQmtx5ZYh8/AXLvUQsrIv7s2CGM=

once@^1.3.0, once@^1.4.0:
  version "1.4.0"
  resolved "https://registry.yarnpkg.com/once/-/once-1.4.0.tgz#583b1aa775961d4b113ac17d9c50baef9dd76bd1"
  integrity sha1-WDsap3WWHUsROsF9nFC6753Xa9E=
  dependencies:
    wrappy "1"

org.eclipse.n4js.mangelhaft.assert@0.28.2, org.eclipse.n4js.mangelhaft.assert@^0.28.0:
  version "0.28.2"
  resolved "https://registry.yarnpkg.com/org.eclipse.n4js.mangelhaft.assert/-/org.eclipse.n4js.mangelhaft.assert-0.28.2.tgz#ec5eda30e760ecba7e53a8a841e4d0317d2fe8ae"
  integrity sha512-NPFfgBNGMNfkt5T0gmHTZHJuIE96UZXV5UO4yFpc02ecvXF37cGMgTROWcNd2B+zJC737R0OIln/DjhyWkWCfQ==
  dependencies:
    n4js-runtime "0.28.2"
    n4js-runtime-es2015 "0.28.2"
    n4js-runtime-v8 "0.28.2"

org.eclipse.n4js.mangelhaft.reporter.console@0.28.2:
  version "0.28.2"
  resolved "https://registry.yarnpkg.com/org.eclipse.n4js.mangelhaft.reporter.console/-/org.eclipse.n4js.mangelhaft.reporter.console-0.28.2.tgz#a3404855f7f8924fa586ea4c3aefee60146b7e61"
  integrity sha512-HreRlUh2pbkjqYZGGhByHOL+KH4LbcG/C3Wp3EYDMr+EMNM+hniMs20ebwdRrHgGgUFhbPb2S0trv2GAa+/clw==
  dependencies:
    n4js-runtime "0.28.2"
    n4js-runtime-es2015 "0.28.2"
    n4js-runtime-v8 "0.28.2"
    org.eclipse.n4js.mangelhaft "0.28.2"

org.eclipse.n4js.mangelhaft.reporter.ide@0.28.2:
  version "0.28.2"
  resolved "https://registry.yarnpkg.com/org.eclipse.n4js.mangelhaft.reporter.ide/-/org.eclipse.n4js.mangelhaft.reporter.ide-0.28.2.tgz#deceb74f5ad12167383eb30ee59a05ada890f7be"
  integrity sha512-KJJytvKJ+1AL5z8QdzfCZysrhi+KPgeeAw5KzyP960tOzG2gaP3NDUILdf9wt556U3SR8jFGFXVlBjBVIjZHrg==
  dependencies:
    n4js-runtime "0.28.2"
    n4js-runtime-fetch "0.28.2"
    org.eclipse.n4js.mangelhaft "0.28.2"

org.eclipse.n4js.mangelhaft.reporter.xunit@0.28.2:
  version "0.28.2"
  resolved "https://registry.yarnpkg.com/org.eclipse.n4js.mangelhaft.reporter.xunit/-/org.eclipse.n4js.mangelhaft.reporter.xunit-0.28.2.tgz#24db4b79abfd571abfb2f085c1493155466e00db"
  integrity sha512-IqxGrtg+JYjw0JsBSVLcJaoZ2UTewT1LuJHewZuC79go4ZP03NzkmcryrS6EDr95z9Iw2sj1wwaSy9+n4kssJA==
  dependencies:
    n4js-runtime "0.28.2"
    n4js-runtime-es2015 "0.28.2"
    n4js-runtime-node "0.28.2"
    org.eclipse.n4js.mangelhaft "0.28.2"
    xmlbuilder "^10.0.0"

org.eclipse.n4js.mangelhaft@0.28.2, org.eclipse.n4js.mangelhaft@^0.28.0:
  version "0.28.2"
  resolved "https://registry.yarnpkg.com/org.eclipse.n4js.mangelhaft/-/org.eclipse.n4js.mangelhaft-0.28.2.tgz#01e774f68fb82e99e00e07a88ad474f7203053e5"
  integrity sha512-FGm5PAzA2Uuc712EpsWv4lhggWF5ctSL7oo3snUG14WNVhGNllgZHv3N61Jc9zPiV1w6Od06Au98wq76hBikHg==
  dependencies:
    n4js-runtime "0.28.2"
    n4js-runtime-es2015 "0.28.2"
    n4js-runtime-esnext "0.28.2"
    n4js-runtime-fetch "0.28.2"
    n4js-runtime-node "0.28.2"
    n4js-runtime-v8 "0.28.2"
    org.eclipse.n4js.mangelhaft.assert "0.28.2"

path-is-absolute@^1.0.0:
  version "1.0.1"
  resolved "https://registry.yarnpkg.com/path-is-absolute/-/path-is-absolute-1.0.1.tgz#174b9268735534ffbc7ace6bf53a5a9e1b5c5f5f"
  integrity sha1-F0uSaHNVNP+8es5r9TpanhtcX18=

pend@~1.2.0:
  version "1.2.0"
  resolved "https://registry.yarnpkg.com/pend/-/pend-1.2.0.tgz#7a57eb550a6783f9115331fcf4663d5c8e007a50"
  integrity sha1-elfrVQpng/kRUzH89GY9XI4AelA=

pify@^2.3.0:
  version "2.3.0"
  resolved "https://registry.yarnpkg.com/pify/-/pify-2.3.0.tgz#ed141a6ac043a849ea588498e7dca8b15330e90c"
  integrity sha1-7RQaasBDqEnqWISY59yosVMw6Qw=

pify@^3.0.0:
  version "3.0.0"
  resolved "https://registry.yarnpkg.com/pify/-/pify-3.0.0.tgz#e5a4acd2c101fdf3d9a4d07f0dbc4db49dd28176"
  integrity sha1-5aSs0sEB/fPZpNB/DbxNtJ3SgXY=

pinkie-promise@^2.0.0:
  version "2.0.1"
  resolved "https://registry.yarnpkg.com/pinkie-promise/-/pinkie-promise-2.0.1.tgz#2135d6dfa7a358c069ac9b178776288228450ffa"
  integrity sha1-ITXW36ejWMBprJsXh3YogihFD/o=
  dependencies:
    pinkie "^2.0.0"

pinkie@^2.0.0:
  version "2.0.4"
  resolved "https://registry.yarnpkg.com/pinkie/-/pinkie-2.0.4.tgz#72556b80cfa0d48a974e80e77248e80ed4f7f870"
  integrity sha1-clVrgM+g1IqXToDnckjoDtT3+HA=

process-nextick-args@~2.0.0:
  version "2.0.1"
  resolved "https://registry.yarnpkg.com/process-nextick-args/-/process-nextick-args-2.0.1.tgz#7820d9b16120cc55ca9ae7792680ae7dba6d7fe2"
  integrity sha512-3ouUOpQhtgrbOa17J7+uxOTpITYWaGP7/AhoR3+A+/1e9skrzelGi/dXzEYyvbxubEF6Wn2ypscTKiKJFFn1ag==

readable-stream@^2.0.6, readable-stream@^2.3.0, readable-stream@^2.3.5:
  version "2.3.7"
  resolved "https://registry.yarnpkg.com/readable-stream/-/readable-stream-2.3.7.tgz#1eca1cf711aef814c04f62252a36a62f6cb23b57"
  integrity sha512-Ebho8K4jIbHAxnuxi7o42OrZgF/ZTNcsZj6nRKyUmkhLFq8CHItp/fy6hQZuZmP/n3yZ9VBUbp4zz/mX8hmYPw==
  dependencies:
    core-util-is "~1.0.0"
    inherits "~2.0.3"
    isarray "~1.0.0"
    process-nextick-args "~2.0.0"
    safe-buffer "~5.1.1"
    string_decoder "~1.1.1"
    util-deprecate "~1.0.1"

safe-buffer@^5.1.1:
  version "5.2.1"
  resolved "https://registry.yarnpkg.com/safe-buffer/-/safe-buffer-5.2.1.tgz#1eaf9fa9bdb1fdd4ec75f58f9cdb4e6b7827eec6"
  integrity sha512-rp3So07KcdmmKbGvgaNxQSJr7bGVSVk5S9Eq1F+ppbRo70+YeaDxkw5Dd8NPN+GD6bjnYm2VuPuCXmpuYvmCXQ==

safe-buffer@~5.1.0, safe-buffer@~5.1.1:
  version "5.1.2"
  resolved "https://registry.yarnpkg.com/safe-buffer/-/safe-buffer-5.1.2.tgz#991ec69d296e0313747d59bdfd2b745c35f8828d"
  integrity sha512-Gd2UZBJDkXlY7GbJxfsE8/nvKkUEU1G38c1siN6QP6a9PT9MmHB8GnpscSmMJSoF8LOIrt8ud/wPtojys4G6+g==

seek-bzip@^1.0.5:
  version "1.0.6"
  resolved "https://registry.yarnpkg.com/seek-bzip/-/seek-bzip-1.0.6.tgz#35c4171f55a680916b52a07859ecf3b5857f21c4"
  integrity sha512-e1QtP3YL5tWww8uKaOCQ18UxIT2laNBXHjV/S2WYCiK4udiv8lkG89KRIoCjUagnAmCBurjF4zEVX2ByBbnCjQ==
  dependencies:
    commander "^2.8.1"

set-blocking@~2.0.0:
  version "2.0.0"
  resolved "https://registry.yarnpkg.com/set-blocking/-/set-blocking-2.0.0.tgz#045f9782d011ae9a6803ddd382b24392b3d890f7"
  integrity sha1-BF+XgtARrppoA93TgrJDkrPYkPc=

signal-exit@^3.0.0:
  version "3.0.5"
  resolved "https://registry.yarnpkg.com/signal-exit/-/signal-exit-3.0.5.tgz#9e3e8cc0c75a99472b44321033a7702e7738252f"
  integrity sha512-KWcOiKeQj6ZyXx7zq4YxSMgHRlod4czeBQZrPb8OKcohcqAXShm7E20kEMle9WBt26hFcAf0qLOcp5zmY7kOqQ==

string-width@^1.0.1:
  version "1.0.2"
  resolved "https://registry.yarnpkg.com/string-width/-/string-width-1.0.2.tgz#118bdf5b8cdc51a2a7e70d211e07e2b0b9b107d3"
  integrity sha1-EYvfW4zcUaKn5w0hHgfisLmxB9M=
  dependencies:
    code-point-at "^1.0.0"
    is-fullwidth-code-point "^1.0.0"
    strip-ansi "^3.0.0"

"string-width@^1.0.2 || 2 || 3 || 4":
  version "4.2.3"
  resolved "https://registry.yarnpkg.com/string-width/-/string-width-4.2.3.tgz#269c7117d27b05ad2e536830a8ec895ef9c6d010"
  integrity sha512-wKyQRQpjJ0sIp62ErSZdGsjMJWsap5oRNihHhu6G7JVO/9jIB6UyevL+tXuOqrng8j/cxKTWyWUwvSTriiZz/g==
  dependencies:
    emoji-regex "^8.0.0"
    is-fullwidth-code-point "^3.0.0"
    strip-ansi "^6.0.1"

string_decoder@~1.1.1:
  version "1.1.1"
  resolved "https://registry.yarnpkg.com/string_decoder/-/string_decoder-1.1.1.tgz#9cf1611ba62685d7030ae9e4ba34149c3af03fc8"
  integrity sha512-n/ShnvDi6FHbbVfviro+WojiFzv+s8MPMHBczVePfUpDJLwoLT0ht1l4YwBCbi8pJAveEEdnkHyPyTP/mzRfwg==
  dependencies:
    safe-buffer "~5.1.0"

strip-ansi@^3.0.0, strip-ansi@^3.0.1:
  version "3.0.1"
  resolved "https://registry.yarnpkg.com/strip-ansi/-/strip-ansi-3.0.1.tgz#6a385fb8853d952d5ff05d0e8aaf94278dc63dcf"
  integrity sha1-ajhfuIU9lS1f8F0Oiq+UJ43GPc8=
  dependencies:
    ansi-regex "^2.0.0"

strip-ansi@^6.0.1:
  version "6.0.1"
  resolved "https://registry.yarnpkg.com/strip-ansi/-/strip-ansi-6.0.1.tgz#9e26c63d30f53443e9489495b2105d37b67a85d9"
  integrity sha512-Y38VPSHcqkFrCpFnQ9vuSXmquuv5oXOKpGeT6aGrr3o3Gc9AlVa6JBfUSOCnbxGGZF+/0ooI7KrPuUSztUdU5A==
  dependencies:
    ansi-regex "^5.0.1"

strip-ansi@~0.1.0:
  version "0.1.1"
  resolved "https://registry.yarnpkg.com/strip-ansi/-/strip-ansi-0.1.1.tgz#39e8a98d044d150660abe4a6808acf70bb7bc991"
  integrity sha1-OeipjQRNFQZgq+SmgIrPcLt7yZE=

strip-dirs@^2.0.0:
  version "2.1.0"
  resolved "https://registry.yarnpkg.com/strip-dirs/-/strip-dirs-2.1.0.tgz#4987736264fc344cf20f6c34aca9d13d1d4ed6c5"
  integrity sha512-JOCxOeKLm2CAS73y/U4ZeZPTkE+gNVCzKt7Eox84Iej1LT/2pTWYpZKJuxwQpvX1LiZb1xokNR7RLfuBAa7T3g==
  dependencies:
    is-natural-number "^4.0.1"

tar-stream@^1.5.2:
  version "1.6.2"
  resolved "https://registry.yarnpkg.com/tar-stream/-/tar-stream-1.6.2.tgz#8ea55dab37972253d9a9af90fdcd559ae435c555"
  integrity sha512-rzS0heiNf8Xn7/mpdSVVSMAWAoy9bfb1WOTYC78Z0UQKeKa/CWS8FOq0lKGNa8DWKAn9gxjCvMLYc5PGXYlK2A==
  dependencies:
    bl "^1.0.0"
    buffer-alloc "^1.2.0"
    end-of-stream "^1.0.0"
    fs-constants "^1.0.0"
    readable-stream "^2.3.0"
    to-buffer "^1.1.1"
    xtend "^4.0.0"

through@^2.3.8:
  version "2.3.8"
  resolved "https://registry.yarnpkg.com/through/-/through-2.3.8.tgz#0dd4c9ffaabc357960b1b724115d7e0e86a2e1f5"
  integrity sha1-DdTJ/6q8NXlgsbckEV1+Doai4fU=

timers-ext@0.1, timers-ext@^0.1.7:
  version "0.1.7"
  resolved "https://registry.yarnpkg.com/timers-ext/-/timers-ext-0.1.7.tgz#6f57ad8578e07a3fb9f91d9387d65647555e25c6"
  integrity sha512-b85NUNzTSdodShTIbky6ZF02e8STtVVfD+fu4aXXShEELpozH+bCpJLYMPZbsABN2wDH7fJpqIoXxJpzbf0NqQ==
  dependencies:
    es5-ext "~0.10.46"
    next-tick "1"

to-buffer@^1.1.1:
  version "1.1.1"
  resolved "https://registry.yarnpkg.com/to-buffer/-/to-buffer-1.1.1.tgz#493bd48f62d7c43fcded313a03dcadb2e1213a80"
  integrity sha512-lx9B5iv7msuFYE3dytT+KE5tap+rNYw+K4jVkb9R/asAb+pbBSM17jtunHplhBe6RRJdZx3Pn2Jph24O32mOVg==

tr46@~0.0.3:
  version "0.0.3"
  resolved "https://registry.yarnpkg.com/tr46/-/tr46-0.0.3.tgz#8184fd347dac9cdc185992f3a6622e14b9d9ab6a"
  integrity sha1-gYT9NH2snNwYWZLzpmIuFLnZq2o=

type@^1.0.1:
  version "1.2.0"
  resolved "https://registry.yarnpkg.com/type/-/type-1.2.0.tgz#848dd7698dafa3e54a6c479e759c4bc3f18847a0"
  integrity sha512-+5nt5AAniqsCnu2cEQQdpzCAh33kVx8n0VoFidKpB1dVVLAN/F+bgVOqOJqOnEnrhp222clB5p3vUlD+1QAnfg==

type@^2.5.0:
  version "2.5.0"
  resolved "https://registry.yarnpkg.com/type/-/type-2.5.0.tgz#0a2e78c2e77907b252abe5f298c1b01c63f0db3d"
  integrity sha512-180WMDQaIMm3+7hGXWf12GtdniDEy7nYcyFMKJn/eZz/6tSLXrUN9V0wKSbMjej0I1WHWbpREDEKHtqPQa9NNw==

typescript@^4.0.5:
  version "4.4.4"
  resolved "https://registry.yarnpkg.com/typescript/-/typescript-4.4.4.tgz#2cd01a1a1f160704d3101fd5a58ff0f9fcb8030c"
  integrity sha512-DqGhF5IKoBl8WNf8C1gu8q0xZSInh9j1kJJMqT3a94w1JzVaBU4EXOSMrz9yDqMT0xt3selp83fuFMQ0uzv6qA==

unbzip2-stream@^1.0.9:
  version "1.4.3"
  resolved "https://registry.yarnpkg.com/unbzip2-stream/-/unbzip2-stream-1.4.3.tgz#b0da04c4371311df771cdc215e87f2130991ace7"
  integrity sha512-mlExGW4w71ebDJviH16lQLtZS32VKqsSfk80GCfUlwT/4/hNRFsoscrF/c++9xinkMzECL1uL9DDwXqFWkruPg==
  dependencies:
    buffer "^5.2.1"
    through "^2.3.8"

underscore@^1.12.1, underscore@~1.6.0:
  version "1.13.1"
  resolved "https://registry.yarnpkg.com/underscore/-/underscore-1.13.1.tgz#0c1c6bd2df54b6b69f2314066d65b6cde6fcf9d1"
  integrity sha512-hzSoAVtJF+3ZtiFX0VgfFPHEDRm7Y/QPjGyNo4TVdnDTdft3tr8hEkD25a1jC+TjTuE7tkHGKkhwCgs9dgBB2g==

util-deprecate@~1.0.1:
  version "1.0.2"
  resolved "https://registry.yarnpkg.com/util-deprecate/-/util-deprecate-1.0.2.tgz#450d4dc9fa70de732762fbd2d4a28981419a0ccf"
  integrity sha1-RQ1Nyfpw3nMnYvvS1KKJgUGaDM8=

webidl-conversions@^3.0.0:
  version "3.0.1"
  resolved "https://registry.yarnpkg.com/webidl-conversions/-/webidl-conversions-3.0.1.tgz#24534275e2a7bc6be7bc86611cc16ae0a5654871"
  integrity sha1-JFNCdeKnvGvnvIZhHMFq4KVlSHE=

whatwg-url@^5.0.0:
  version "5.0.0"
  resolved "https://registry.yarnpkg.com/whatwg-url/-/whatwg-url-5.0.0.tgz#966454e8765462e37644d3626f6742ce8b70965d"
  integrity sha1-lmRU6HZUYuN2RNNib2dCzotwll0=
  dependencies:
    tr46 "~0.0.3"
    webidl-conversions "^3.0.0"

wide-align@^1.1.0:
  version "1.1.5"
  resolved "https://registry.yarnpkg.com/wide-align/-/wide-align-1.1.5.tgz#df1d4c206854369ecf3c9a4898f1b23fbd9d15d3"
  integrity sha512-eDMORYaPNZ4sQIuuYPDHdQvf4gyCF9rEEV/yPxGfwPkRodwEgiMUUXTx/dex+Me0wxx53S+NgUHaP7y3MGlDmg==
  dependencies:
    string-width "^1.0.2 || 2 || 3 || 4"

wrappy@1:
  version "1.0.2"
  resolved "https://registry.yarnpkg.com/wrappy/-/wrappy-1.0.2.tgz#b5243d8f3ec1aa35f1364605bc0d1036e30ab69f"
  integrity sha1-tSQ9jz7BqjXxNkYFvA0QNuMKtp8=

xmlbuilder@^10.0.0:
  version "10.1.1"
  resolved "https://registry.yarnpkg.com/xmlbuilder/-/xmlbuilder-10.1.1.tgz#8cae6688cc9b38d850b7c8d3c0a4161dcaf475b0"
  integrity sha512-OyzrcFLL/nb6fMGHbiRDuPup9ljBycsdCypwuyg5AAHvyWzGfChJpCXMG88AGTIMFhGZ9RccFN1e6lhg3hkwKg==

xtend@^4.0.0:
  version "4.0.2"
  resolved "https://registry.yarnpkg.com/xtend/-/xtend-4.0.2.tgz#bb72779f5fa465186b1f438f674fa347fdb5db54"
  integrity sha512-LKYU1iAXJXUgAXn9URjiu+MWhyUXHsvfp7mcuYm9dSUKK0/CjtrUwFAxD82/mCWbtLsGjFIad0wIsod4zrTAEQ==

yauzl@^2.4.2:
  version "2.10.0"
  resolved "https://registry.yarnpkg.com/yauzl/-/yauzl-2.10.0.tgz#c7eb17c93e112cb1086fa6d8e51fb0667b79a5f9"
  integrity sha1-x+sXyT4RLLEIb6bY5R+wZnt5pfk=
  dependencies:
    buffer-crc32 "~0.2.3"
    fd-slicer "~1.1.0"
